github.com/d4v1dw3bb/webview2 v0.0.0-20210609214118-77d3cd8453bd h1:hcoe1MFyAGbpsqjlHwKS+Qd7OJMXW095uqQOvlPzIpw=
github.com/d4v1dw3bb/webview2 v0.0.0-20210609214118-77d3cd8453bd/go.mod h1:aTTslEr7WfDIYV4ASDfiNeagDHlUQ46kWJdZa63Z3aM=
github.com/jchv/go-winloader v0.0.0-20210323001710-152514a7f070 h1:PpoLyL/i1My03oF/Q91qTmoMohheoZuIqOyC4zUrBEE=
github.com/jchv/go-winloader v0.0.0-20210323001710-152514a7f070/go.mod h1:alcuEEnZsY1WQsagKhZDsoPCRoOijYqhZvPwLG0kzVs=
github.com/lxn/walk v0.0.0-20210112085537-c389da54e794/go.mod h1:E23UucZGqpuUANJooIbHWCufXvOcT6E7Stq81gU+CSQ=
github.com/lxn/win v0.0.0-20210218163916-a377121e959e/go.mod h1:KxxjdtRkfNoYDCUP5ryK7XJJNTnpC8atvtmTheChOtk=
golang.org/x/sys v0.0.0-20200810151505-1b9f1253b3ed/go.mod h1:h1NjWce9XRLGQEsW7wpKNCjG9DtNlClVuFLEZdDNbEs=
golang.org/x/sys v0.0.0-20201018230417-eeed37f84f13/go.mod h1:h1NjWce9XRLGQEsW7wpKNCjG9DtNlClVuFLEZdDNbEs=
golang.org/x/sys v0.0.0-20210608053332-aa57babbf139 h1:C+AwYEtBp/VQwoLntUmQ/yx3MS9vmZaKNdw5eOpoQe8=
golang.org/x/sys v0.0.0-20210608053332-aa57babbf139/go.mod h1:oPkhp1MJrh7nUepCBck5+mAzfO9JrbApNNgaTdGDITg=
gopkg.in/Knetic/govaluate.v3 v3.0.0/go.mod h1:csKLBORsPbafmSCGTEh3U7Ozmsuq8ZSIlKk1bcqph0E=
